
Microsoft Visual Studio Solution File, Format Version 10.00
# Visual C# Express 2008
Project("{FAE04EC0-301F-11D3-BF4B-00C04F79EFBC}") = "PodPuppy", "PodPuppy.csproj", "{DBADBAF2-8F25-4525-AC7A-E28761CF2F48}"
	ProjectSection(WebsiteProperties) = preProject
		Debug.AspNetCompiler.Debug = "True"
		Release.AspNetCompiler.Debug = "False"
	EndProjectSection
EndProject
Project("{FAE04EC0-301F-11D3-BF4B-00C04F79EFBC}") = "ID3Sharp", "ID3Sharp\ID3Sharp.csproj", "{845B47A5-0529-47BD-AFEC-533A2DE1B6FA}"
	ProjectSection(WebsiteProperties) = preProject
		Debug.AspNetCompiler.Debug = "True"
		Release.AspNetCompiler.Debug = "False"
	EndProjectSection
EndProject
Global
	GlobalSection(SolutionConfigurationPlatforms) = preSolution
		Debug|Any CPU = Debug|Any CPU
		Release|Any CPU = Release|Any CPU
	EndGlobalSection
	GlobalSection(ProjectConfigurationPlatforms) = postSolution
		{DBADBAF2-8F25-4525-AC7A-E28761CF2F48}.Debug|Any CPU.ActiveCfg = Debug|Any CPU
		{DBADBAF2-8F25-4525-AC7A-E28761CF2F48}.Debug|Any CPU.Build.0 = Debug|Any CPU
		{DBADBAF2-8F25-4525-AC7A-E28761CF2F48}.Release|Any CPU.ActiveCfg = Release|Any CPU
		{DBADBAF2-8F25-4525-AC7A-E28761CF2F48}.Release|Any CPU.Build.0 = Release|Any CPU
		{845B47A5-0529-47BD-AFEC-533A2DE1B6FA}.Debug|Any CPU.ActiveCfg = Debug|Any CPU
		{845B47A5-0529-47BD-AFEC-533A2DE1B6FA}.Debug|Any CPU.Build.0 = Debug|Any CPU
		{845B47A5-0529-47BD-AFEC-533A2DE1B6FA}.Release|Any CPU.ActiveCfg = Release|Any CPU
		{845B47A5-0529-47BD-AFEC-533A2DE1B6FA}.Release|Any CPU.Build.0 = Release|Any CPU
	EndGlobalSection
	GlobalSection(SolutionProperties) = preSolution
		HideSolutionNode = FALSE
	EndGlobalSection
EndGlobal
