
Microsoft Visual Studio Solution File, Format Version 9.00
# Visual Studio 2005
Project("{FAE04EC0-301F-11D3-BF4B-00C04F79EFBC}") = "ID3Sharp", "ID3Sharp.csproj", "{845B47A5-0529-47BD-AFEC-533A2DE1B6FA}"
EndProject
Global
	GlobalSection(SolutionConfigurationPlatforms) = preSolution
		Debug|Any CPU = Debug|Any CPU
		Release|Any CPU = Release|Any CPU
	EndGlobalSection
	GlobalSection(ProjectConfigurationPlatforms) = postSolution
		{845B47A5-0529-47BD-AFEC-533A2DE1B6FA}.Debug|Any CPU.ActiveCfg = Debug|Any CPU
		{845B47A5-0529-47BD-AFEC-533A2DE1B6FA}.Debug|Any CPU.Build.0 = Debug|Any CPU
		{845B47A5-0529-47BD-AFEC-533A2DE1B6FA}.Release|Any CPU.ActiveCfg = Release|Any CPU
		{845B47A5-0529-47BD-AFEC-533A2DE1B6FA}.Release|Any CPU.Build.0 = Release|Any CPU
	EndGlobalSection
	GlobalSection(SolutionProperties) = preSolution
		HideSolutionNode = FALSE
	EndGlobalSection
EndGlobal
